<?xml version="1.0" encoding="UTF-8" standalone="yes" ?>
<CodeBlocks_project_file>
	<FileVersion major="1" minor="6" />
	<Project>
		<Option title="tests" />
		<Option makefile_is_custom="1" />
		<Option execution_dir="." />
		<Option pch_mode="2" />
		<Option compiler="gcc" />
		<Build>
			<Target title="all">
				<Option output="tests" prefix_auto="1" extension_auto="1" />
				<Option type="0" />
				<Option compiler="gcc" />
				<MakeCommands>
					<Build command="$make -f $makefile" />
					<CompileFile command="$make -f $makefile $file" />
					<Clean command="$make -f $makefile clean" />
					<DistClean command="$make -f $makefile distclean$target" />
					<AskRebuildNeeded command="$make -q -f $makefile" />
					<SilentBuild command="$make -s -f $makefile" />
				</MakeCommands>
			</Target>
		</Build>
		<Compiler>
			<Add option="-Wall" />
		</Compiler>
		<Unit filename="Makefile" />
		<Unit filename="Makefile.in" />
		<Unit filename="README" />
		<Unit filename="data/aci.out" />
		<Unit filename="data/acl.out.master" />
		<Unit filename="data/certificate.out" />
		<Unit filename="data/certificate.tls" />
		<Unit filename="data/chain.out" />
		<Unit filename="data/chainmod.out" />
		<Unit filename="data/chainref.out" />
		<Unit filename="data/compsearch.out" />
		<Unit filename="data/constraint/constraint.out" />
		<Unit filename="data/constraint/root.ldif" />
		<Unit filename="data/constraint/t_fail_01.ldif" />
		<Unit filename="data/constraint/t_fail_02.ldif" />
		<Unit filename="data/constraint/t_fail_03.ldif" />
		<Unit filename="data/constraint/t_fail_04.ldif" />
		<Unit filename="data/constraint/t_fail_05.ldif" />
		<Unit filename="data/constraint/t_fail_06.ldif" />
		<Unit filename="data/constraint/t_fail_07.ldif" />
		<Unit filename="data/constraint/t_fail_08.ldif" />
		<Unit filename="data/constraint/t_fail_09.ldif" />
		<Unit filename="data/constraint/t_fail_10.ldif" />
		<Unit filename="data/constraint/t_fail_11.ldif" />
		<Unit filename="data/constraint/t_fail_12.ldif" />
		<Unit filename="data/constraint/t_fail_13.ldif" />
		<Unit filename="data/constraint/t_fail_14.ldif" />
		<Unit filename="data/constraint/t_fail_15.ldif" />
		<Unit filename="data/constraint/t_ok_01.ldif" />
		<Unit filename="data/constraint/t_ok_02.ldif" />
		<Unit filename="data/constraint/t_ok_03.ldif" />
		<Unit filename="data/constraint/t_ok_04.ldif" />
		<Unit filename="data/constraint/t_ok_05.ldif" />
		<Unit filename="data/constraint/t_ok_06.ldif" />
		<Unit filename="data/constraint/t_ok_07.ldif" />
		<Unit filename="data/constraint/t_ok_08.ldif" />
		<Unit filename="data/constraint/t_ok_09.ldif" />
		<Unit filename="data/constraint/t_ok_10.ldif" />
		<Unit filename="data/constraint/t_ok_11.ldif" />
		<Unit filename="data/constraint/t_ok_12.ldif" />
		<Unit filename="data/constraint/t_ok_13.ldif" />
		<Unit filename="data/constraint/t_ok_14.ldif" />
		<Unit filename="data/constraint/t_ok_15.ldif" />
		<Unit filename="data/constraint/user.ldif" />
		<Unit filename="data/dds.out" />
		<Unit filename="data/ditcontentrules.conf" />
		<Unit filename="data/dn.out" />
		<Unit filename="data/do_add.1" />
		<Unit filename="data/do_add.2" />
		<Unit filename="data/do_add.3" />
		<Unit filename="data/do_add.4" />
		<Unit filename="data/do_bind.0" />
		<Unit filename="data/do_modify.0" />
		<Unit filename="data/do_modrdn.0" />
		<Unit filename="data/do_read.0" />
		<Unit filename="data/do_search.0" />
		<Unit filename="data/dynlist.out" />
		<Unit filename="data/emptydn.out" />
		<Unit filename="data/emptydn.out.slapadd" />
		<Unit filename="data/gluesync.out" />
		<Unit filename="data/idassert.out" />
		<Unit filename="data/lang-out.ldif" />
		<Unit filename="data/ldapglue.out" />
		<Unit filename="data/ldapglueanonymous.out" />
		<Unit filename="data/manage.out" />
		<Unit filename="data/memberof-refint.out" />
		<Unit filename="data/memberof.out" />
		<Unit filename="data/meta.out" />
		<Unit filename="data/metaconcurrency.out" />
		<Unit filename="data/modify.out.master" />
		<Unit filename="data/modrdn.out.master.0" />
		<Unit filename="data/modrdn.out.master.1" />
		<Unit filename="data/modrdn.out.master.2" />
		<Unit filename="data/modrdn.out.master.3" />
		<Unit filename="data/monitor1.out" />
		<Unit filename="data/monitor2.out" />
		<Unit filename="data/monitor3.out" />
		<Unit filename="data/monitor4.out" />
		<Unit filename="data/ndb.conf" />
		<Unit filename="data/nis_sample.ldif" />
		<Unit filename="data/passwd.ldif" />
		<Unit filename="data/ppolicy.ldif" />
		<Unit filename="data/proxycache.out" />
		<Unit filename="data/referrals.ldif" />
		<Unit filename="data/referrals.out" />
		<Unit filename="data/regressions/README" />
		<Unit filename="data/regressions/its4184/README" />
		<Unit filename="data/regressions/its4184/adds.ldif" />
		<Unit filename="data/regressions/its4184/its4184" />
		<Unit filename="data/regressions/its4184/mods.ldif" />
		<Unit filename="data/regressions/its4184/slapd.conf" />
		<Unit filename="data/regressions/its4326/its4326" />
		<Unit filename="data/regressions/its4326/slapd.conf" />
		<Unit filename="data/regressions/its4336/its4336" />
		<Unit filename="data/regressions/its4336/slapd.conf" />
		<Unit filename="data/regressions/its4337/config.out" />
		<Unit filename="data/regressions/its4337/its4337" />
		<Unit filename="data/regressions/its4337/slapd.conf" />
		<Unit filename="data/regressions/its4448/its4448" />
		<Unit filename="data/regressions/its4448/slapd-meta.conf" />
		<Unit filename="data/regressions/its6794/its6794" />
		<Unit filename="data/regressions/its6794/slapd-glue.conf" />
		<Unit filename="data/relay.out" />
		<Unit filename="data/retcode.conf" />
		<Unit filename="data/rootdse.ldif" />
		<Unit filename="data/search.out.master" />
		<Unit filename="data/search.out.xsearch" />
		<Unit filename="data/slapd-2db.conf" />
		<Unit filename="data/slapd-aci.conf" />
		<Unit filename="data/slapd-acl.conf" />
		<Unit filename="data/slapd-cache-master.conf" />
		<Unit filename="data/slapd-chain1.conf" />
		<Unit filename="data/slapd-chain2.conf" />
		<Unit filename="data/slapd-component.conf" />
		<Unit filename="data/slapd-config-naked.conf" />
		<Unit filename="data/slapd-config-undo.conf" />
		<Unit filename="data/slapd-dds.conf" />
		<Unit filename="data/slapd-deltasync-master.conf" />
		<Unit filename="data/slapd-deltasync-slave.conf" />
		<Unit filename="data/slapd-dn.conf" />
		<Unit filename="data/slapd-dnssrv.conf" />
		<Unit filename="data/slapd-dynamic.ldif" />
		<Unit filename="data/slapd-dynlist.conf" />
		<Unit filename="data/slapd-emptydn.conf" />
		<Unit filename="data/slapd-glue-ldap.conf" />
		<Unit filename="data/slapd-glue-syncrepl1.conf" />
		<Unit filename="data/slapd-glue-syncrepl2.conf" />
		<Unit filename="data/slapd-glue.conf" />
		<Unit filename="data/slapd-idassert.conf" />
		<Unit filename="data/slapd-ldapglue.conf" />
		<Unit filename="data/slapd-ldapgluegroups.conf" />
		<Unit filename="data/slapd-ldapgluepeople.conf" />
		<Unit filename="data/slapd-limits.conf" />
		<Unit filename="data/slapd-master.conf" />
		<Unit filename="data/slapd-meta-target1.conf" />
		<Unit filename="data/slapd-meta-target2.conf" />
		<Unit filename="data/slapd-meta.conf" />
		<Unit filename="data/slapd-nis-master.conf" />
		<Unit filename="data/slapd-passwd.conf" />
		<Unit filename="data/slapd-ppolicy.conf" />
		<Unit filename="data/slapd-proxycache.conf" />
		<Unit filename="data/slapd-pw.conf" />
		<Unit filename="data/slapd-ref-slave.conf" />
		<Unit filename="data/slapd-referrals.conf" />
		<Unit filename="data/slapd-refint.conf" />
		<Unit filename="data/slapd-relay.conf" />
		<Unit filename="data/slapd-repl-slave-remote.conf" />
		<Unit filename="data/slapd-retcode.conf" />
		<Unit filename="data/slapd-schema.conf" />
		<Unit filename="data/slapd-sql-syncrepl-master.conf" />
		<Unit filename="data/slapd-sql.conf" />
		<Unit filename="data/slapd-syncrepl-master.conf" />
		<Unit filename="data/slapd-syncrepl-multiproxy.conf" />
		<Unit filename="data/slapd-syncrepl-slave-persist-ldap.conf" />
		<Unit filename="data/slapd-syncrepl-slave-persist1.conf" />
		<Unit filename="data/slapd-syncrepl-slave-persist2.conf" />
		<Unit filename="data/slapd-syncrepl-slave-persist3.conf" />
		<Unit filename="data/slapd-syncrepl-slave-refresh1.conf" />
		<Unit filename="data/slapd-syncrepl-slave-refresh2.conf" />
		<Unit filename="data/slapd-translucent-local.conf" />
		<Unit filename="data/slapd-translucent-remote.conf" />
		<Unit filename="data/slapd-unique.conf" />
		<Unit filename="data/slapd-valregex.conf" />
		<Unit filename="data/slapd-valsort.conf" />
		<Unit filename="data/slapd-whoami.conf" />
		<Unit filename="data/slapd.conf" />
		<Unit filename="data/slapd2.conf" />
		<Unit filename="data/sql-concurrency/do_add.1" />
		<Unit filename="data/sql-concurrency/do_add.2" />
		<Unit filename="data/sql-concurrency/do_add.3" />
		<Unit filename="data/sql-concurrency/do_add.4" />
		<Unit filename="data/sql-concurrency/do_bind.0" />
		<Unit filename="data/sql-concurrency/do_modrdn.0" />
		<Unit filename="data/sql-concurrency/do_read.0" />
		<Unit filename="data/sql-concurrency/do_search.0" />
		<Unit filename="data/sql-read.out" />
		<Unit filename="data/sql-write.out" />
		<Unit filename="data/subtree-rename.out" />
		<Unit filename="data/test-chain1.ldif" />
		<Unit filename="data/test-chain2.ldif" />
		<Unit filename="data/test-compmatch.ldif" />
		<Unit filename="data/test-dn.ldif" />
		<Unit filename="data/test-emptydn1.ldif" />
		<Unit filename="data/test-emptydn2.ldif" />
		<Unit filename="data/test-glued.ldif" />
		<Unit filename="data/test-idassert1.ldif" />
		<Unit filename="data/test-idassert2.ldif" />
		<Unit filename="data/test-lang.ldif" />
		<Unit filename="data/test-ldapglue.ldif" />
		<Unit filename="data/test-ldapgluegroups.ldif" />
		<Unit filename="data/test-ldapgluepeople.ldif" />
		<Unit filename="data/test-limits.ldif" />
		<Unit filename="data/test-meta.ldif" />
		<Unit filename="data/test-ordered-cp.ldif" />
		<Unit filename="data/test-ordered-nocp.ldif" />
		<Unit filename="data/test-ordered.ldif" />
		<Unit filename="data/test-refint.ldif" />
		<Unit filename="data/test-reordered.ldif" />
		<Unit filename="data/test-translucent-add.ldif" />
		<Unit filename="data/test-translucent-config.ldif" />
		<Unit filename="data/test-translucent-data.ldif" />
		<Unit filename="data/test-translucent-merged.ldif" />
		<Unit filename="data/test-unique.ldif" />
		<Unit filename="data/test-unordered.ldif" />
		<Unit filename="data/test-valsort.ldif" />
		<Unit filename="data/test-whoami.ldif" />
		<Unit filename="data/test.ldif" />
		<Unit filename="data/test.schema" />
		<Unit filename="data/valsort1.out" />
		<Unit filename="data/valsort2.out" />
		<Unit filename="data/valsort3.out" />
		<Unit filename="progs/Makefile" />
		<Unit filename="progs/Makefile.in" />
		<Unit filename="progs/ldif-filter.c">
			<Option compilerVar="CC" />
		</Unit>
		<Unit filename="progs/slapd-addel.c">
			<Option compilerVar="CC" />
		</Unit>
		<Unit filename="progs/slapd-bind.c">
			<Option compilerVar="CC" />
		</Unit>
		<Unit filename="progs/slapd-common.c">
			<Option compilerVar="CC" />
		</Unit>
		<Unit filename="progs/slapd-common.h" />
		<Unit filename="progs/slapd-modify.c">
			<Option compilerVar="CC" />
		</Unit>
		<Unit filename="progs/slapd-modrdn.c">
			<Option compilerVar="CC" />
		</Unit>
		<Unit filename="progs/slapd-mtread.c">
			<Option compilerVar="CC" />
		</Unit>
		<Unit filename="progs/slapd-read.c">
			<Option compilerVar="CC" />
		</Unit>
		<Unit filename="progs/slapd-search.c">
			<Option compilerVar="CC" />
		</Unit>
		<Unit filename="progs/slapd-tester.c">
			<Option compilerVar="CC" />
		</Unit>
		<Unit filename="run" />
		<Unit filename="run.in" />
		<Unit filename="scripts/all" />
		<Unit filename="scripts/conf.sh" />
		<Unit filename="scripts/defines.sh" />
		<Unit filename="scripts/its-all" />
		<Unit filename="scripts/monitor_data.sh" />
		<Unit filename="scripts/passwd-search" />
		<Unit filename="scripts/relay" />
		<Unit filename="scripts/sql-all" />
		<Unit filename="scripts/sql-test000-read" />
		<Unit filename="scripts/sql-test001-concurrency" />
		<Unit filename="scripts/sql-test900-write" />
		<Unit filename="scripts/sql-test901-syncrepl" />
		<Unit filename="scripts/start-server" />
		<Unit filename="scripts/start-server-nolog" />
		<Unit filename="scripts/start-server2" />
		<Unit filename="scripts/start-server2-nolog" />
		<Unit filename="scripts/startup_nis_ldap_server.sh" />
		<Unit filename="scripts/test000-rootdse" />
		<Unit filename="scripts/test001-slapadd" />
		<Unit filename="scripts/test002-populate" />
		<Unit filename="scripts/test003-search" />
		<Unit filename="scripts/test004-modify" />
		<Unit filename="scripts/test005-modrdn" />
		<Unit filename="scripts/test006-acls" />
		<Unit filename="scripts/test008-concurrency" />
		<Unit filename="scripts/test009-referral" />
		<Unit filename="scripts/test010-passwd" />
		<Unit filename="scripts/test011-glue-slapadd" />
		<Unit filename="scripts/test012-glue-populate" />
		<Unit filename="scripts/test013-language" />
		<Unit filename="scripts/test014-whoami" />
		<Unit filename="scripts/test015-xsearch" />
		<Unit filename="scripts/test016-subref" />
		<Unit filename="scripts/test017-syncreplication-refresh" />
		<Unit filename="scripts/test018-syncreplication-persist" />
		<Unit filename="scripts/test019-syncreplication-cascade" />
		<Unit filename="scripts/test020-proxycache" />
		<Unit filename="scripts/test021-certificate" />
		<Unit filename="scripts/test022-ppolicy" />
		<Unit filename="scripts/test023-refint" />
		<Unit filename="scripts/test024-unique" />
		<Unit filename="scripts/test025-limits" />
		<Unit filename="scripts/test026-dn" />
		<Unit filename="scripts/test027-emptydn" />
		<Unit filename="scripts/test028-idassert" />
		<Unit filename="scripts/test029-ldapglue" />
		<Unit filename="scripts/test030-relay" />
		<Unit filename="scripts/test031-component-filter" />
		<Unit filename="scripts/test032-chain" />
		<Unit filename="scripts/test033-glue-syncrepl" />
		<Unit filename="scripts/test034-translucent" />
		<Unit filename="scripts/test035-meta" />
		<Unit filename="scripts/test036-meta-concurrency" />
		<Unit filename="scripts/test037-manage" />
		<Unit filename="scripts/test038-retcode" />
		<Unit filename="scripts/test039-glue-ldap-concurrency" />
		<Unit filename="scripts/test040-subtree-rename" />
		<Unit filename="scripts/test041-aci" />
		<Unit filename="scripts/test042-valsort" />
		<Unit filename="scripts/test043-delta-syncrepl" />
		<Unit filename="scripts/test044-dynlist" />
		<Unit filename="scripts/test045-syncreplication-proxied" />
		<Unit filename="scripts/test046-dds" />
		<Unit filename="scripts/test047-ldap" />
		<Unit filename="scripts/test048-syncrepl-multiproxy" />
		<Unit filename="scripts/test049-sync-config" />
		<Unit filename="scripts/test050-syncrepl-multimaster" />
		<Unit filename="scripts/test051-config-undo" />
		<Unit filename="scripts/test052-memberof" />
		<Unit filename="scripts/test054-syncreplication-parallel-load" />
		<Unit filename="scripts/test055-valregex" />
		<Unit filename="scripts/test056-monitor" />
		<Unit filename="scripts/test057-memberof-refint" />
		<Unit filename="scripts/test058-syncrepl-asymmetric" />
		<Unit filename="scripts/test059-slave-config" />
		<Unit filename="scripts/test060-mt-hot" />
		<Unit filename="scripts/test061-syncreplication-initiation" />
		<Unit filename="scripts/test063-delta-multimaster" />
		<Unit filename="scripts/test064-constraint" />
		<Extensions>
			<code_completion />
			<debugger />
		</Extensions>
	</Project>
</CodeBlocks_project_file>
